<?xml version="1.0" encoding="utf-8"?>
<Project ToolsVersion="4.0" xmlns="http://schemas.microsoft.com/developer/msbuild/2003">
  <ItemGroup>
    <Filter Include="ソース ファイル">
      <UniqueIdentifier>{4FC737F1-C7A5-4376-A066-2A32D752A2FF}</UniqueIdentifier>
      <Extensions>cpp;c;cc;cxx;def;odl;idl;hpj;bat;asm;asmx</Extensions>
    </Filter>
    <Filter Include="ヘッダー ファイル">
      <UniqueIdentifier>{93995380-89BD-4b04-88EB-625FBE52EBFB}</UniqueIdentifier>
      <Extensions>h;hh;hpp;hxx;hm;inl;inc;xsd</Extensions>
    </Filter>
    <Filter Include="リソース ファイル">
      <UniqueIdentifier>{67DA6AB6-F800-4c08-8B7A-83BB121AAD01}</UniqueIdentifier>
      <Extensions>rc;ico;cur;bmp;dlg;rc2;rct;bin;rgs;gif;jpg;jpeg;jpe;resx;tiff;tif;png;wav;mfcribbon-ms</Extensions>
    </Filter>
    <Filter Include="ソース ファイル\scene">
      <UniqueIdentifier>{95bfe0fc-21c8-4508-b63c-5083218d9309}</UniqueIdentifier>
    </Filter>
    <Filter Include="ヘッダー ファイル\util">
      <UniqueIdentifier>{df4eb2c4-e0db-46b9-a6bf-5906d8b7bafa}</UniqueIdentifier>
    </Filter>
    <Filter Include="ソース ファイル\util">
      <UniqueIdentifier>{dd14074f-35db-40bd-b965-161fa20694ae}</UniqueIdentifier>
    </Filter>
    <Filter Include="ソース ファイル\stage">
      <UniqueIdentifier>{c3ea4e63-356a-4ca0-b5ea-61d1fb678e13}</UniqueIdentifier>
    </Filter>
    <Filter Include="ヘッダー ファイル\stage">
      <UniqueIdentifier>{7cbc3ec2-d0bf-4dac-a082-217e6f48bf56}</UniqueIdentifier>
    </Filter>
    <Filter Include="ヘッダー ファイル\scene">
      <UniqueIdentifier>{95d4af53-4dcc-4e6a-868c-956c7f2af5c4}</UniqueIdentifier>
    </Filter>
    <Filter Include="ソース ファイル\util\animation">
      <UniqueIdentifier>{fb5f3ea7-c5d7-4848-a542-cbce1f9167dd}</UniqueIdentifier>
    </Filter>
    <Filter Include="ヘッダー ファイル\util\animation">
      <UniqueIdentifier>{7da6bf87-b9dd-45a0-8193-31ac43cc5747}</UniqueIdentifier>
    </Filter>
    <Filter Include="ヘッダー ファイル\gameobject">
      <UniqueIdentifier>{1209c428-f830-440c-884b-377e6308602d}</UniqueIdentifier>
    </Filter>
    <Filter Include="ヘッダー ファイル\gameobject\star">
      <UniqueIdentifier>{e4fea392-358b-4adf-8d88-5b9ab4ce8de0}</UniqueIdentifier>
    </Filter>
    <Filter Include="ソース ファイル\gameobject">
      <UniqueIdentifier>{376e7bac-24b4-449d-b342-3d13458cad24}</UniqueIdentifier>
    </Filter>
    <Filter Include="ソース ファイル\gameobject\star">
      <UniqueIdentifier>{4f7c262d-56f6-4e5e-82f5-51f9c93ef732}</UniqueIdentifier>
    </Filter>
    <Filter Include="ヘッダー ファイル\util\device">
      <UniqueIdentifier>{c854592b-5495-4b02-96f8-d40e5225179b}</UniqueIdentifier>
    </Filter>
    <Filter Include="ソース ファイル\util\device">
      <UniqueIdentifier>{75455e3e-482d-4b0d-b435-1827203e20cd}</UniqueIdentifier>
    </Filter>
    <Filter Include="ヘッダー ファイル\gameobject\star\move">
      <UniqueIdentifier>{b0b1b51f-2ea0-41f4-ba39-ba361e003dfc}</UniqueIdentifier>
    </Filter>
    <Filter Include="ソース ファイル\gameobject\star\move">
      <UniqueIdentifier>{23c229f2-9d4a-4583-8601-d491ec4abd6f}</UniqueIdentifier>
    </Filter>
    <Filter Include="ヘッダー ファイル\gameobject\Factory">
      <UniqueIdentifier>{72a623f7-9941-4939-a4c6-65d740eed442}</UniqueIdentifier>
    </Filter>
    <Filter Include="ソース ファイル\gameobject\Factory">
      <UniqueIdentifier>{955aba82-d913-4752-81ff-57bba383752e}</UniqueIdentifier>
    </Filter>
    <Filter Include="ヘッダー ファイル\scene\GamePlay">
      <UniqueIdentifier>{0e32caf9-3414-4c85-a1db-9fb3492e782b}</UniqueIdentifier>
    </Filter>
    <Filter Include="ソース ファイル\scene\GamePlay">
      <UniqueIdentifier>{35b0c2d5-b1b2-43b3-9b8f-7f72ff448a4d}</UniqueIdentifier>
    </Filter>
    <Filter Include="ソース ファイル\util\shape">
      <UniqueIdentifier>{1dba8f7b-75c0-4c0e-8099-995bddb69e63}</UniqueIdentifier>
    </Filter>
    <Filter Include="ヘッダー ファイル\util\shape">
      <UniqueIdentifier>{f5f54024-383c-4a45-afd1-ae02e6d25574}</UniqueIdentifier>
    </Filter>
  </ItemGroup>
  <ItemGroup>
    <ClCompile Include="Code\Source\Star_wave.cpp">
      <Filter>ソース ファイル\gameobject\star\move</Filter>
    </ClCompile>
    <ClCompile Include="Code\Source\Star_slashdown.cpp">
      <Filter>ソース ファイル\gameobject\star\move</Filter>
    </ClCompile>
    <ClCompile Include="Code\Source\Star_pendulum.cpp">
      <Filter>ソース ファイル\gameobject\star\move</Filter>
    </ClCompile>
    <ClCompile Include="Code\Source\Star_paradola.cpp">
      <Filter>ソース ファイル\gameobject\star\move</Filter>
    </ClCompile>
    <ClCompile Include="Code\Source\Star_nomove.cpp">
      <Filter>ソース ファイル\gameobject\star\move</Filter>
    </ClCompile>
    <ClCompile Include="Code\Source\Star_eight.cpp">
      <Filter>ソース ファイル\gameobject\star\move</Filter>
    </ClCompile>
    <ClCompile Include="Code\Source\Star_cricle.cpp">
      <Filter>ソース ファイル\gameobject\star\move</Filter>
    </ClCompile>
    <ClCompile Include="Code\Source\StarManager.cpp">
      <Filter>ソース ファイル\gameobject\star</Filter>
    </ClCompile>
    <ClCompile Include="Code\Source\GameObjControl.cpp">
      <Filter>ソース ファイル\gameobject</Filter>
    </ClCompile>
    <ClCompile Include="Code\Source\GameObject.cpp">
      <Filter>ソース ファイル\gameobject</Filter>
    </ClCompile>
    <ClCompile Include="Code\Source\ImMovable.cpp">
      <Filter>ソース ファイル\gameobject</Filter>
    </ClCompile>
    <ClCompile Include="Code\Source\Player.cpp">
      <Filter>ソース ファイル\gameobject</Filter>
    </ClCompile>
    <ClCompile Include="Code\Source\Respawn.cpp">
      <Filter>ソース ファイル\gameobject</Filter>
    </ClCompile>
    <ClCompile Include="Code\Source\Star.cpp">
      <Filter>ソース ファイル\gameobject</Filter>
    </ClCompile>
    <ClCompile Include="Code\Source\Ending.cpp">
      <Filter>ソース ファイル\scene</Filter>
    </ClCompile>
    <ClCompile Include="Code\Source\GamePlay.cpp">
      <Filter>ソース ファイル\scene</Filter>
    </ClCompile>
    <ClCompile Include="Code\Source\Load.cpp">
      <Filter>ソース ファイル\scene</Filter>
    </ClCompile>
    <ClCompile Include="Code\Source\Menu.cpp">
      <Filter>ソース ファイル\scene</Filter>
    </ClCompile>
    <ClCompile Include="Code\Source\SceneManager.cpp">
      <Filter>ソース ファイル\scene</Filter>
    </ClCompile>
    <ClCompile Include="Code\Source\Title.cpp">
      <Filter>ソース ファイル\scene</Filter>
    </ClCompile>
    <ClCompile Include="Code\Source\Scroll.cpp">
      <Filter>ソース ファイル\stage</Filter>
    </ClCompile>
    <ClCompile Include="Code\Source\Stage.cpp">
      <Filter>ソース ファイル\stage</Filter>
    </ClCompile>
    <ClCompile Include="Code\Source\StageSelect.cpp">
      <Filter>ソース ファイル\stage</Filter>
    </ClCompile>
    <ClCompile Include="Code\Source\TimeScore.cpp">
      <Filter>ソース ファイル\stage</Filter>
    </ClCompile>
    <ClCompile Include="Code\Source\Animation.cpp">
      <Filter>ソース ファイル\util\animation</Filter>
    </ClCompile>
    <ClCompile Include="Code\Source\AnimationTimer.cpp">
      <Filter>ソース ファイル\util\animation</Filter>
    </ClCompile>
    <ClCompile Include="Code\Source\CSVStream.cpp">
      <Filter>ソース ファイル\util\device</Filter>
    </ClCompile>
    <ClCompile Include="Code\Source\Device.cpp">
      <Filter>ソース ファイル\util\device</Filter>
    </ClCompile>
    <ClCompile Include="Code\Source\Input.cpp">
      <Filter>ソース ファイル\util\device</Filter>
    </ClCompile>
    <ClCompile Include="Code\Source\StarDataStream.cpp">
      <Filter>ソース ファイル\util\device</Filter>
    </ClCompile>
    <ClCompile Include="Code\Source\Renderer.cpp">
      <Filter>ソース ファイル\util\device</Filter>
    </ClCompile>
    <ClCompile Include="Code\Source\Sound.cpp">
      <Filter>ソース ファイル\util\device</Filter>
    </ClCompile>
    <ClCompile Include="Code\Source\Circle.cpp">
      <Filter>ソース ファイル\util\shape</Filter>
    </ClCompile>
    <ClCompile Include="Code\Source\MyRectangle.cpp">
      <Filter>ソース ファイル\util\shape</Filter>
    </ClCompile>
    <ClCompile Include="Code\Source\Point.cpp">
      <Filter>ソース ファイル\util</Filter>
    </ClCompile>
    <ClCompile Include="Code\Source\Timer.cpp">
      <Filter>ソース ファイル\util</Filter>
    </ClCompile>
    <ClCompile Include="Code\Source\game.cpp">
      <Filter>ソース ファイル</Filter>
    </ClCompile>
    <ClCompile Include="Code\Source\main.cpp">
      <Filter>ソース ファイル</Filter>
    </ClCompile>
    <ClCompile Include="Code\Source\GameObjectFactory.cpp">
      <Filter>ソース ファイル\gameobject\Factory</Filter>
    </ClCompile>
    <ClCompile Include="Code\Source\PlayMode_Select.cpp">
      <Filter>ソース ファイル\scene\GamePlay</Filter>
    </ClCompile>
    <ClCompile Include="Code\Source\PlayMode_Play.cpp">
      <Filter>ソース ファイル\scene\GamePlay</Filter>
    </ClCompile>
    <ClCompile Include="Code\Source\Segment.cpp">
      <Filter>ソース ファイル\util\shape</Filter>
    </ClCompile>
    <ClCompile Include="Code\Source\Collision.cpp">
      <Filter>ソース ファイル\util\shape</Filter>
    </ClCompile>
    <ClCompile Include="Code\Source\Result.cpp">
      <Filter>ソース ファイル\scene</Filter>
    </ClCompile>
    <ClCompile Include="Code\Source\GameOver.cpp">
      <Filter>ソース ファイル\scene</Filter>
    </ClCompile>
  </ItemGroup>
  <ItemGroup>
    <ClInclude Include="Code\Include\GAMEOBJ_TYPE.h">
      <Filter>ヘッダー ファイル\gameobject</Filter>
    </ClInclude>
    <ClInclude Include="Code\Include\GameObjControl.h">
      <Filter>ヘッダー ファイル\gameobject</Filter>
    </ClInclude>
    <ClInclude Include="Code\Include\GameObject.h">
      <Filter>ヘッダー ファイル\gameobject</Filter>
    </ClInclude>
    <ClInclude Include="Code\Include\ImMovable.h">
      <Filter>ヘッダー ファイル\gameobject</Filter>
    </ClInclude>
    <ClInclude Include="Code\Include\Player.h">
      <Filter>ヘッダー ファイル\gameobject</Filter>
    </ClInclude>
    <ClInclude Include="Code\Include\Star.h">
      <Filter>ヘッダー ファイル\gameobject</Filter>
    </ClInclude>
    <ClInclude Include="Code\Include\StarManager.h">
      <Filter>ヘッダー ファイル\gameobject\star</Filter>
    </ClInclude>
    <ClInclude Include="Code\Include\StarMediator.h">
      <Filter>ヘッダー ファイル\gameobject\star</Filter>
    </ClInclude>
    <ClInclude Include="Code\Include\STARTYPE.h">
      <Filter>ヘッダー ファイル\gameobject\star</Filter>
    </ClInclude>
    <ClInclude Include="Code\Include\IStarMove.h">
      <Filter>ヘッダー ファイル\gameobject\star\move</Filter>
    </ClInclude>
    <ClInclude Include="Code\Include\Star_cricle.h">
      <Filter>ヘッダー ファイル\gameobject\star\move</Filter>
    </ClInclude>
    <ClInclude Include="Code\Include\Star_eight.h">
      <Filter>ヘッダー ファイル\gameobject\star\move</Filter>
    </ClInclude>
    <ClInclude Include="Code\Include\Star_nomove.h">
      <Filter>ヘッダー ファイル\gameobject\star\move</Filter>
    </ClInclude>
    <ClInclude Include="Code\Include\Star_parabola.h">
      <Filter>ヘッダー ファイル\gameobject\star\move</Filter>
    </ClInclude>
    <ClInclude Include="Code\Include\Star_pendulum.h">
      <Filter>ヘッダー ファイル\gameobject\star\move</Filter>
    </ClInclude>
    <ClInclude Include="Code\Include\Star_slashdown.h">
      <Filter>ヘッダー ファイル\gameobject\star\move</Filter>
    </ClInclude>
    <ClInclude Include="Code\Include\Star_wave.h">
      <Filter>ヘッダー ファイル\gameobject\star\move</Filter>
    </ClInclude>
    <ClInclude Include="Code\Include\Ending.h">
      <Filter>ヘッダー ファイル\scene</Filter>
    </ClInclude>
    <ClInclude Include="Code\Include\GamePlay.h">
      <Filter>ヘッダー ファイル\scene</Filter>
    </ClInclude>
    <ClInclude Include="Code\Include\IScene.h">
      <Filter>ヘッダー ファイル\scene</Filter>
    </ClInclude>
    <ClInclude Include="Code\Include\Load.h">
      <Filter>ヘッダー ファイル\scene</Filter>
    </ClInclude>
    <ClInclude Include="Code\Include\Menu.h">
      <Filter>ヘッダー ファイル\scene</Filter>
    </ClInclude>
    <ClInclude Include="Code\Include\Title.h">
      <Filter>ヘッダー ファイル\scene</Filter>
    </ClInclude>
    <ClInclude Include="Code\Include\SceneManager.h">
      <Filter>ヘッダー ファイル\scene</Filter>
    </ClInclude>
    <ClInclude Include="Code\Include\Scroll.h">
      <Filter>ヘッダー ファイル\stage</Filter>
    </ClInclude>
    <ClInclude Include="Code\Include\Stage.h">
      <Filter>ヘッダー ファイル\stage</Filter>
    </ClInclude>
    <ClInclude Include="Code\Include\StageSelect.h">
      <Filter>ヘッダー ファイル\stage</Filter>
    </ClInclude>
    <ClInclude Include="Code\Include\TimeScore.h">
      <Filter>ヘッダー ファイル\stage</Filter>
    </ClInclude>
    <ClInclude Include="Code\Include\Array2D.h">
      <Filter>ヘッダー ファイル\util</Filter>
    </ClInclude>
    <ClInclude Include="Code\Include\Calculate.h">
      <Filter>ヘッダー ファイル\util</Filter>
    </ClInclude>
    <ClInclude Include="Code\Include\Point.h">
      <Filter>ヘッダー ファイル\util</Filter>
    </ClInclude>
    <ClInclude Include="Code\Include\Timer.h">
      <Filter>ヘッダー ファイル\util</Filter>
    </ClInclude>
    <ClInclude Include="Code\Include\Animation.h">
      <Filter>ヘッダー ファイル\util\animation</Filter>
    </ClInclude>
    <ClInclude Include="Code\Include\AnimationTimer.h">
      <Filter>ヘッダー ファイル\util\animation</Filter>
    </ClInclude>
    <ClInclude Include="Code\Include\CSVStream.h">
      <Filter>ヘッダー ファイル\util\device</Filter>
    </ClInclude>
    <ClInclude Include="Code\Include\Device.h">
      <Filter>ヘッダー ファイル\util\device</Filter>
    </ClInclude>
    <ClInclude Include="Code\Include\Input.h">
      <Filter>ヘッダー ファイル\util\device</Filter>
    </ClInclude>
    <ClInclude Include="Code\Include\Renderer.h">
      <Filter>ヘッダー ファイル\util\device</Filter>
    </ClInclude>
    <ClInclude Include="Code\Include\Sound.h">
      <Filter>ヘッダー ファイル\util\device</Filter>
    </ClInclude>
    <ClInclude Include="Code\Include\StarDataStream.h">
      <Filter>ヘッダー ファイル\util\device</Filter>
    </ClInclude>
    <ClInclude Include="Code\Include\Circle.h">
      <Filter>ヘッダー ファイル\util\shape</Filter>
    </ClInclude>
    <ClInclude Include="Code\Include\MyRectangle.h">
      <Filter>ヘッダー ファイル\util\shape</Filter>
    </ClInclude>
    <ClInclude Include="Code\Include\game.h">
      <Filter>ヘッダー ファイル</Filter>
    </ClInclude>
    <ClInclude Include="Code\Include\GameObje_Include.h">
      <Filter>ヘッダー ファイル\gameobject</Filter>
    </ClInclude>
    <ClInclude Include="Code\Include\Factory.h">
      <Filter>ヘッダー ファイル\gameobject\Factory</Filter>
    </ClInclude>
    <ClInclude Include="Code\Include\GameObjectFactory.h">
      <Filter>ヘッダー ファイル\gameobject\Factory</Filter>
    </ClInclude>
    <ClInclude Include="Code\Include\IPlayMode.h">
      <Filter>ヘッダー ファイル\scene\GamePlay</Filter>
    </ClInclude>
    <ClInclude Include="Code\Include\PlayMode_Select.h">
      <Filter>ヘッダー ファイル\scene\GamePlay</Filter>
    </ClInclude>
    <ClInclude Include="Code\Include\PlayMode_Play.h">
      <Filter>ヘッダー ファイル\scene\GamePlay</Filter>
    </ClInclude>
    <ClInclude Include="Code\Include\Collision.h">
      <Filter>ヘッダー ファイル\util\shape</Filter>
    </ClInclude>
    <ClInclude Include="Code\Include\Segment.h">
      <Filter>ヘッダー ファイル\util\shape</Filter>
    </ClInclude>
    <ClInclude Include="Code\Include\Result.h">
      <Filter>ヘッダー ファイル\scene</Filter>
    </ClInclude>
    <ClInclude Include="Code\Include\GameOver.h">
      <Filter>ヘッダー ファイル\scene</Filter>
    </ClInclude>
  </ItemGroup>
</Project>