<?xml version="1.0" encoding="utf-8"?>
<Project ToolsVersion="4.0" xmlns="http://schemas.microsoft.com/developer/msbuild/2003">
  <ItemGroup>
    <Filter Include="ソース ファイル">
      <UniqueIdentifier>{4FC737F1-C7A5-4376-A066-2A32D752A2FF}</UniqueIdentifier>
      <Extensions>cpp;c;cc;cxx;def;odl;idl;hpj;bat;asm;asmx</Extensions>
    </Filter>
    <Filter Include="ヘッダー ファイル">
      <UniqueIdentifier>{93995380-89BD-4b04-88EB-625FBE52EBFB}</UniqueIdentifier>
      <Extensions>h;hh;hpp;hxx;hm;inl;inc;xsd</Extensions>
    </Filter>
    <Filter Include="リソース ファイル">
      <UniqueIdentifier>{67DA6AB6-F800-4c08-8B7A-83BB121AAD01}</UniqueIdentifier>
      <Extensions>rc;ico;cur;bmp;dlg;rc2;rct;bin;rgs;gif;jpg;jpeg;jpe;resx;tiff;tif;png;wav;mfcribbon-ms</Extensions>
    </Filter>
    <Filter Include="ソース ファイル\scene">
      <UniqueIdentifier>{95bfe0fc-21c8-4508-b63c-5083218d9309}</UniqueIdentifier>
    </Filter>
    <Filter Include="ヘッダー ファイル\util">
      <UniqueIdentifier>{df4eb2c4-e0db-46b9-a6bf-5906d8b7bafa}</UniqueIdentifier>
    </Filter>
    <Filter Include="ソース ファイル\util">
      <UniqueIdentifier>{dd14074f-35db-40bd-b965-161fa20694ae}</UniqueIdentifier>
    </Filter>
    <Filter Include="ソース ファイル\stage">
      <UniqueIdentifier>{c3ea4e63-356a-4ca0-b5ea-61d1fb678e13}</UniqueIdentifier>
    </Filter>
    <Filter Include="ヘッダー ファイル\stage">
      <UniqueIdentifier>{7cbc3ec2-d0bf-4dac-a082-217e6f48bf56}</UniqueIdentifier>
    </Filter>
    <Filter Include="ヘッダー ファイル\scene">
      <UniqueIdentifier>{95d4af53-4dcc-4e6a-868c-956c7f2af5c4}</UniqueIdentifier>
    </Filter>
    <Filter Include="ソース ファイル\gameobject">
      <UniqueIdentifier>{bdecc81b-5679-4e78-ba20-c2338ffba163}</UniqueIdentifier>
    </Filter>
    <Filter Include="ヘッダー ファイル\gameobject">
      <UniqueIdentifier>{b76604a6-dfdc-4154-8a1d-a6b6d58b9d38}</UniqueIdentifier>
    </Filter>
    <Filter Include="ヘッダー ファイル\gameobject\star">
      <UniqueIdentifier>{084d0ed7-5466-42f4-9586-6faf3ddce960}</UniqueIdentifier>
    </Filter>
    <Filter Include="ソース ファイル\gameobject\star">
      <UniqueIdentifier>{eb806f6e-faf2-44e8-acc5-c5eaf01de153}</UniqueIdentifier>
    </Filter>
    <Filter Include="ソース ファイル\util\animation">
      <UniqueIdentifier>{b7500e1c-0b4d-4d14-8a76-95d861e27caf}</UniqueIdentifier>
    </Filter>
    <Filter Include="ヘッダー ファイル\util\animation">
      <UniqueIdentifier>{dd21366c-cf77-4f91-a6e4-90a0a99d6a81}</UniqueIdentifier>
    </Filter>
    <Filter Include="ヘッダー ファイル\util\device">
      <UniqueIdentifier>{0652fd27-f749-4ca0-8cee-10443b98e7fb}</UniqueIdentifier>
    </Filter>
    <Filter Include="ソース ファイル\util\device">
      <UniqueIdentifier>{1c32dad8-9b10-4644-872d-525b1cbe9651}</UniqueIdentifier>
    </Filter>
    <Filter Include="ヘッダー ファイル\util\diagram">
      <UniqueIdentifier>{c04a4015-f9d4-4601-b5d8-3f45d05c5c72}</UniqueIdentifier>
    </Filter>
    <Filter Include="ソース ファイル\util\diagram">
      <UniqueIdentifier>{44f8a0b8-c927-43a2-bcc8-b1c8c85a6353}</UniqueIdentifier>
    </Filter>
  </ItemGroup>
  <ItemGroup>
    <ClCompile Include="Source\game.cpp">
      <Filter>ソース ファイル</Filter>
    </ClCompile>
    <ClCompile Include="Source\Ending.cpp">
      <Filter>ソース ファイル\scene</Filter>
    </ClCompile>
    <ClCompile Include="Source\GamePlay.cpp">
      <Filter>ソース ファイル\scene</Filter>
    </ClCompile>
    <ClCompile Include="Source\Load.cpp">
      <Filter>ソース ファイル\scene</Filter>
    </ClCompile>
    <ClCompile Include="Source\SceneManager.cpp">
      <Filter>ソース ファイル\scene</Filter>
    </ClCompile>
    <ClCompile Include="Source\Title.cpp">
      <Filter>ソース ファイル\scene</Filter>
    </ClCompile>
    <ClCompile Include="Source\Point.cpp">
      <Filter>ソース ファイル\util</Filter>
    </ClCompile>
    <ClCompile Include="Source\Timer.cpp">
      <Filter>ソース ファイル\util</Filter>
    </ClCompile>
    <ClCompile Include="Source\Stage.cpp">
      <Filter>ソース ファイル\stage</Filter>
    </ClCompile>
    <ClCompile Include="Source\Scroll.cpp">
      <Filter>ソース ファイル\stage</Filter>
    </ClCompile>
    <ClCompile Include="Source\StageSelect.cpp">
      <Filter>ソース ファイル\stage</Filter>
    </ClCompile>
    <ClCompile Include="Source\Star_cricle.cpp">
      <Filter>ソース ファイル\gameobject\star</Filter>
    </ClCompile>
    <ClCompile Include="Source\Star_eight.cpp">
      <Filter>ソース ファイル\gameobject\star</Filter>
    </ClCompile>
    <ClCompile Include="Source\Star_pendulum.cpp">
      <Filter>ソース ファイル\gameobject\star</Filter>
    </ClCompile>
    <ClCompile Include="Source\Star_wave.cpp">
      <Filter>ソース ファイル\gameobject\star</Filter>
    </ClCompile>
    <ClCompile Include="Source\Star_paradola.cpp">
      <Filter>ソース ファイル\gameobject\star</Filter>
    </ClCompile>
    <ClCompile Include="Source\Star_slashdown.cpp">
      <Filter>ソース ファイル\gameobject\star</Filter>
    </ClCompile>
    <ClCompile Include="Source\Rock.cpp">
      <Filter>ソース ファイル\gameobject</Filter>
    </ClCompile>
    <ClCompile Include="Source\GameObject.cpp">
      <Filter>ソース ファイル\gameobject</Filter>
    </ClCompile>
    <ClCompile Include="Source\Player.cpp">
      <Filter>ソース ファイル\gameobject</Filter>
    </ClCompile>
    <ClCompile Include="Source\Star.cpp">
      <Filter>ソース ファイル\gameobject</Filter>
    </ClCompile>
    <ClCompile Include="Source\GameObjControl.cpp">
      <Filter>ソース ファイル\gameobject</Filter>
    </ClCompile>
    <ClCompile Include="Source\main.cpp">
      <Filter>ソース ファイル</Filter>
    </ClCompile>
    <ClCompile Include="Source\Animation.cpp">
      <Filter>ソース ファイル\util\animation</Filter>
    </ClCompile>
    <ClCompile Include="Source\AnimationTimer.cpp">
      <Filter>ソース ファイル\util\animation</Filter>
    </ClCompile>
    <ClCompile Include="Source\Renderer.cpp">
      <Filter>ソース ファイル\util\device</Filter>
    </ClCompile>
    <ClCompile Include="Source\Sound.cpp">
      <Filter>ソース ファイル\util\device</Filter>
    </ClCompile>
    <ClCompile Include="Source\CSVStream.cpp">
      <Filter>ソース ファイル\util\device</Filter>
    </ClCompile>
    <ClCompile Include="Source\Planet.cpp">
      <Filter>ソース ファイル\gameobject</Filter>
    </ClCompile>
    <ClCompile Include="Source\MyRectangle.cpp">
      <Filter>ソース ファイル\util\diagram</Filter>
    </ClCompile>
    <ClCompile Include="Source\Circle.cpp">
      <Filter>ソース ファイル\util\diagram</Filter>
    </ClCompile>
  </ItemGroup>
  <ItemGroup>
    <ClInclude Include="Source\Definition.h">
      <Filter>ヘッダー ファイル</Filter>
    </ClInclude>
    <ClInclude Include="Source\game.h">
      <Filter>ヘッダー ファイル</Filter>
    </ClInclude>
    <ClInclude Include="Source\Ending.h">
      <Filter>ヘッダー ファイル\scene</Filter>
    </ClInclude>
    <ClInclude Include="Source\GamePlay.h">
      <Filter>ヘッダー ファイル\scene</Filter>
    </ClInclude>
    <ClInclude Include="Source\IScene.h">
      <Filter>ヘッダー ファイル\scene</Filter>
    </ClInclude>
    <ClInclude Include="Source\SceneManager.h">
      <Filter>ヘッダー ファイル\scene</Filter>
    </ClInclude>
    <ClInclude Include="Source\Load.h">
      <Filter>ヘッダー ファイル\scene</Filter>
    </ClInclude>
    <ClInclude Include="Source\Title.h">
      <Filter>ヘッダー ファイル\scene</Filter>
    </ClInclude>
    <ClInclude Include="Source\Calculate.h">
      <Filter>ヘッダー ファイル\util</Filter>
    </ClInclude>
    <ClInclude Include="Source\Array2D.h">
      <Filter>ヘッダー ファイル\util</Filter>
    </ClInclude>
    <ClInclude Include="Source\Point.h">
      <Filter>ヘッダー ファイル\util</Filter>
    </ClInclude>
    <ClInclude Include="Source\Timer.h">
      <Filter>ヘッダー ファイル\util</Filter>
    </ClInclude>
    <ClInclude Include="Source\Stage.h">
      <Filter>ヘッダー ファイル\stage</Filter>
    </ClInclude>
    <ClInclude Include="Source\Scroll.h">
      <Filter>ヘッダー ファイル\stage</Filter>
    </ClInclude>
    <ClInclude Include="Source\StageSelect.h">
      <Filter>ヘッダー ファイル\stage</Filter>
    </ClInclude>
    <ClInclude Include="Source\Star_cricle.h">
      <Filter>ヘッダー ファイル\gameobject\star</Filter>
    </ClInclude>
    <ClInclude Include="Source\Star_eight.h">
      <Filter>ヘッダー ファイル\gameobject\star</Filter>
    </ClInclude>
    <ClInclude Include="Source\Star_pendulum.h">
      <Filter>ヘッダー ファイル\gameobject\star</Filter>
    </ClInclude>
    <ClInclude Include="Source\Star_wave.h">
      <Filter>ヘッダー ファイル\gameobject\star</Filter>
    </ClInclude>
    <ClInclude Include="Source\IStarMove.h">
      <Filter>ヘッダー ファイル\gameobject\star</Filter>
    </ClInclude>
    <ClInclude Include="Source\Star_parabola.h">
      <Filter>ヘッダー ファイル\gameobject\star</Filter>
    </ClInclude>
    <ClInclude Include="Source\Star_slashdown.h">
      <Filter>ヘッダー ファイル\gameobject\star</Filter>
    </ClInclude>
    <ClInclude Include="Source\GAMEOBJ_TYPE.h">
      <Filter>ヘッダー ファイル\gameobject</Filter>
    </ClInclude>
    <ClInclude Include="Source\Player.h">
      <Filter>ヘッダー ファイル\gameobject</Filter>
    </ClInclude>
    <ClInclude Include="Source\Rock.h">
      <Filter>ヘッダー ファイル\gameobject</Filter>
    </ClInclude>
    <ClInclude Include="Source\Star.h">
      <Filter>ヘッダー ファイル\gameobject</Filter>
    </ClInclude>
    <ClInclude Include="Source\GameObjControl.h">
      <Filter>ヘッダー ファイル\gameobject</Filter>
    </ClInclude>
    <ClInclude Include="Source\Animation.h">
      <Filter>ヘッダー ファイル\util\animation</Filter>
    </ClInclude>
    <ClInclude Include="Source\AnimationTimer.h">
      <Filter>ヘッダー ファイル\util\animation</Filter>
    </ClInclude>
    <ClInclude Include="Source\Renderer.h">
      <Filter>ヘッダー ファイル\util\device</Filter>
    </ClInclude>
    <ClInclude Include="Source\Sound.h">
      <Filter>ヘッダー ファイル\util\device</Filter>
    </ClInclude>
    <ClInclude Include="Source\CSVStream.h">
      <Filter>ヘッダー ファイル\util\device</Filter>
    </ClInclude>
    <ClInclude Include="Source\Planet.h">
      <Filter>ヘッダー ファイル\gameobject</Filter>
    </ClInclude>
    <ClInclude Include="Source\MyRectangle.h">
      <Filter>ヘッダー ファイル\util\diagram</Filter>
    </ClInclude>
    <ClInclude Include="Source\Circle.h">
      <Filter>ヘッダー ファイル\util\diagram</Filter>
    </ClInclude>
    <ClInclude Include="Source\GameObject.h">
      <Filter>ヘッダー ファイル\gameobject</Filter>
    </ClInclude>
  </ItemGroup>
</Project>